
Microsoft Visual Studio Solution File, Format Version 12.00
# Visual Studio 15
VisualStudioVersion = 15.0.28306.52
MinimumVisualStudioVersion = 10.0.40219.1
Project("{FAE04EC0-301F-11D3-BF4B-00C04F79EFBC}") = "ITU.RefereeAssistent.Consol", "ITU.RefereeAssistent.Consol\ITU.RefereeAssistent.Consol\ITU.RefereeAssistent.Consol.csproj", "{042C29DE-FAD5-4C0F-8C98-948F65E4EB34}"
EndProject
Project("{9A19103F-16F7-4668-BE54-9A1E7A4F7556}") = "ITU.RefereeAssistant.Domain", "ITU.RefereeAssistant.Domain\ITU.RefereeAssistant.Domain.csproj", "{3A5CBC26-8191-402C-9E42-719A1ACF8E36}"
EndProject
Project("{9A19103F-16F7-4668-BE54-9A1E7A4F7556}") = "ITU.RefereeAssistant.BL", "ITU.RefereeAssistant.BL\ITU.RefereeAssistant.BL.csproj", "{0F8A1E35-9CA6-4329-BBF7-CCFCA4DE4E2A}"
EndProject
Project("{FAE04EC0-301F-11D3-BF4B-00C04F79EFBC}") = "ITU.RefereeAssistant.WinDesktop", "ITU.RefereeAssistant.WinDesktop\ITU.RefereeAssistant.WinDesktop.csproj", "{16DF499A-054E-4E40-84D8-B818F0ED80E8}"
EndProject
Global
	GlobalSection(SolutionConfigurationPlatforms) = preSolution
		Debug|Any CPU = Debug|Any CPU
		Release|Any CPU = Release|Any CPU
	EndGlobalSection
	GlobalSection(ProjectConfigurationPlatforms) = postSolution
		{042C29DE-FAD5-4C0F-8C98-948F65E4EB34}.Debug|Any CPU.ActiveCfg = Debug|Any CPU
		{042C29DE-FAD5-4C0F-8C98-948F65E4EB34}.Debug|Any CPU.Build.0 = Debug|Any CPU
		{042C29DE-FAD5-4C0F-8C98-948F65E4EB34}.Release|Any CPU.ActiveCfg = Release|Any CPU
		{042C29DE-FAD5-4C0F-8C98-948F65E4EB34}.Release|Any CPU.Build.0 = Release|Any CPU
		{3A5CBC26-8191-402C-9E42-719A1ACF8E36}.Debug|Any CPU.ActiveCfg = Debug|Any CPU
		{3A5CBC26-8191-402C-9E42-719A1ACF8E36}.Debug|Any CPU.Build.0 = Debug|Any CPU
		{3A5CBC26-8191-402C-9E42-719A1ACF8E36}.Release|Any CPU.ActiveCfg = Release|Any CPU
		{3A5CBC26-8191-402C-9E42-719A1ACF8E36}.Release|Any CPU.Build.0 = Release|Any CPU
		{0F8A1E35-9CA6-4329-BBF7-CCFCA4DE4E2A}.Debug|Any CPU.ActiveCfg = Debug|Any CPU
		{0F8A1E35-9CA6-4329-BBF7-CCFCA4DE4E2A}.Debug|Any CPU.Build.0 = Debug|Any CPU
		{0F8A1E35-9CA6-4329-BBF7-CCFCA4DE4E2A}.Release|Any CPU.ActiveCfg = Release|Any CPU
		{0F8A1E35-9CA6-4329-BBF7-CCFCA4DE4E2A}.Release|Any CPU.Build.0 = Release|Any CPU
		{16DF499A-054E-4E40-84D8-B818F0ED80E8}.Debug|Any CPU.ActiveCfg = Debug|Any CPU
		{16DF499A-054E-4E40-84D8-B818F0ED80E8}.Debug|Any CPU.Build.0 = Debug|Any CPU
		{16DF499A-054E-4E40-84D8-B818F0ED80E8}.Release|Any CPU.ActiveCfg = Release|Any CPU
		{16DF499A-054E-4E40-84D8-B818F0ED80E8}.Release|Any CPU.Build.0 = Release|Any CPU
	EndGlobalSection
	GlobalSection(SolutionProperties) = preSolution
		HideSolutionNode = FALSE
	EndGlobalSection
	GlobalSection(ExtensibilityGlobals) = postSolution
		SolutionGuid = {EFC68D56-6767-425D-BEB5-D8930A7D4AED}
	EndGlobalSection
EndGlobal
